{
  "name": "agent-browser-plugin-browser-jr",
  "version": "0.1.0",
  "lockfileVersion": 3,
  "requires": true,
  "packages": {
    "": {
      "name": "agent-browser-plugin-browser-jr",
      "version": "0.1.0",
      "bin": {
        "agent-browser-plugin-browser-jr": "plugin/cli.mjs"
      },
      "engines": {
        "node": ">=20"
      }
    }
  }
}
